
Microsoft Visual Studio Solution File, Format Version 12.00
# Visual Studio Version 17
VisualStudioVersion = 17.6.33829.357
MinimumVisualStudioVersion = 10.0.40219.1
Project("{FAE04EC0-301F-11D3-BF4B-00C04F79EFBC}") = "SiqnalRApi", "SiqnalRApi\SiqnalRApi.csproj", "{AD7302E7-601C-4C03-B643-EA82E129CD09}"
EndProject
Project("{FAE04EC0-301F-11D3-BF4B-00C04F79EFBC}") = "SiqnalRWebUI", "SiqnalRWebUI\SiqnalRWebUI.csproj", "{84941F16-8D3D-4DCC-992E-6D7C4721C386}"
EndProject
Project("{FAE04EC0-301F-11D3-BF4B-00C04F79EFBC}") = "SignalR.EntityLayer", "SignalR.EntityLayer\SignalR.EntityLayer.csproj", "{35A15771-883C-42BC-83BB-CC15DBA3AE2D}"
EndProject
Project("{FAE04EC0-301F-11D3-BF4B-00C04F79EFBC}") = "SignalR.DataAccessLayer", "SignalR.DataAccessLayer\SignalR.DataAccessLayer.csproj", "{BC9CDB49-14D5-452E-95BC-6FDB23C8BB4B}"
EndProject
Project("{FAE04EC0-301F-11D3-BF4B-00C04F79EFBC}") = "SignalR.DtoLayer", "SignalR.DtoLayer\SignalR.DtoLayer.csproj", "{A749FF78-3ECC-4D62-8431-C2AAE2EF8BEC}"
EndProject
Project("{FAE04EC0-301F-11D3-BF4B-00C04F79EFBC}") = "SignalR.BusinessLayer", "SignalR.BusinessLayer\SignalR.BusinessLayer.csproj", "{2D13B97E-B7A2-43E8-9726-542AD28D0CEB}"
EndProject
Global
	GlobalSection(SolutionConfigurationPlatforms) = preSolution
		Debug|Any CPU = Debug|Any CPU
		Release|Any CPU = Release|Any CPU
	EndGlobalSection
	GlobalSection(ProjectConfigurationPlatforms) = postSolution
		{AD7302E7-601C-4C03-B643-EA82E129CD09}.Debug|Any CPU.ActiveCfg = Debug|Any CPU
		{AD7302E7-601C-4C03-B643-EA82E129CD09}.Debug|Any CPU.Build.0 = Debug|Any CPU
		{AD7302E7-601C-4C03-B643-EA82E129CD09}.Release|Any CPU.ActiveCfg = Release|Any CPU
		{AD7302E7-601C-4C03-B643-EA82E129CD09}.Release|Any CPU.Build.0 = Release|Any CPU
		{84941F16-8D3D-4DCC-992E-6D7C4721C386}.Debug|Any CPU.ActiveCfg = Debug|Any CPU
		{84941F16-8D3D-4DCC-992E-6D7C4721C386}.Debug|Any CPU.Build.0 = Debug|Any CPU
		{84941F16-8D3D-4DCC-992E-6D7C4721C386}.Release|Any CPU.ActiveCfg = Release|Any CPU
		{84941F16-8D3D-4DCC-992E-6D7C4721C386}.Release|Any CPU.Build.0 = Release|Any CPU
		{35A15771-883C-42BC-83BB-CC15DBA3AE2D}.Debug|Any CPU.ActiveCfg = Debug|Any CPU
		{35A15771-883C-42BC-83BB-CC15DBA3AE2D}.Debug|Any CPU.Build.0 = Debug|Any CPU
		{35A15771-883C-42BC-83BB-CC15DBA3AE2D}.Release|Any CPU.ActiveCfg = Release|Any CPU
		{35A15771-883C-42BC-83BB-CC15DBA3AE2D}.Release|Any CPU.Build.0 = Release|Any CPU
		{BC9CDB49-14D5-452E-95BC-6FDB23C8BB4B}.Debug|Any CPU.ActiveCfg = Debug|Any CPU
		{BC9CDB49-14D5-452E-95BC-6FDB23C8BB4B}.Debug|Any CPU.Build.0 = Debug|Any CPU
		{BC9CDB49-14D5-452E-95BC-6FDB23C8BB4B}.Release|Any CPU.ActiveCfg = Release|Any CPU
		{BC9CDB49-14D5-452E-95BC-6FDB23C8BB4B}.Release|Any CPU.Build.0 = Release|Any CPU
		{A749FF78-3ECC-4D62-8431-C2AAE2EF8BEC}.Debug|Any CPU.ActiveCfg = Debug|Any CPU
		{A749FF78-3ECC-4D62-8431-C2AAE2EF8BEC}.Debug|Any CPU.Build.0 = Debug|Any CPU
		{A749FF78-3ECC-4D62-8431-C2AAE2EF8BEC}.Release|Any CPU.ActiveCfg = Release|Any CPU
		{A749FF78-3ECC-4D62-8431-C2AAE2EF8BEC}.Release|Any CPU.Build.0 = Release|Any CPU
		{2D13B97E-B7A2-43E8-9726-542AD28D0CEB}.Debug|Any CPU.ActiveCfg = Debug|Any CPU
		{2D13B97E-B7A2-43E8-9726-542AD28D0CEB}.Debug|Any CPU.Build.0 = Debug|Any CPU
		{2D13B97E-B7A2-43E8-9726-542AD28D0CEB}.Release|Any CPU.ActiveCfg = Release|Any CPU
		{2D13B97E-B7A2-43E8-9726-542AD28D0CEB}.Release|Any CPU.Build.0 = Release|Any CPU
	EndGlobalSection
	GlobalSection(SolutionProperties) = preSolution
		HideSolutionNode = FALSE
	EndGlobalSection
	GlobalSection(ExtensibilityGlobals) = postSolution
		SolutionGuid = {0CB8EE2D-6D6F-4147-8000-6D51578D2A93}
	EndGlobalSection
EndGlobal
